Microsoft Visual Studio Solution File, Format Version 12.00
# Visual Studio 2012
Project("{FAE04EC0-301F-11D3-BF4B-00C04F79EFBC}") = "Dodge Game", "Dodge Game.csproj", "{C6F4FC09-80B1-478E-9C8A-1E138DE2FBBC}"
EndProject
Global
	GlobalSection(SolutionConfigurationPlatforms) = preSolution
	Debug|Any CPU = Debug|Any CPU
	ExportDebug|Any CPU = ExportDebug|Any CPU
	ExportRelease|Any CPU = ExportRelease|Any CPU
	EndGlobalSection
	GlobalSection(ProjectConfigurationPlatforms) = postSolution
		{C6F4FC09-80B1-478E-9C8A-1E138DE2FBBC}.Debug|Any CPU.ActiveCfg = Debug|Any CPU
		{C6F4FC09-80B1-478E-9C8A-1E138DE2FBBC}.Debug|Any CPU.Build.0 = Debug|Any CPU
		{C6F4FC09-80B1-478E-9C8A-1E138DE2FBBC}.ExportDebug|Any CPU.ActiveCfg = ExportDebug|Any CPU
		{C6F4FC09-80B1-478E-9C8A-1E138DE2FBBC}.ExportDebug|Any CPU.Build.0 = ExportDebug|Any CPU
		{C6F4FC09-80B1-478E-9C8A-1E138DE2FBBC}.ExportRelease|Any CPU.ActiveCfg = ExportRelease|Any CPU
		{C6F4FC09-80B1-478E-9C8A-1E138DE2FBBC}.ExportRelease|Any CPU.Build.0 = ExportRelease|Any CPU
	EndGlobalSection
EndGlobal
